
Microsoft Visual Studio Solution File, Format Version 12.00
# Visual Studio 15
VisualStudioVersion = 15.0.27004.2008
MinimumVisualStudioVersion = 10.0.40219.1
Project("{F184B08F-C81C-45F6-A57F-5ABD9991F28F}") = "TibiaExtractor", "TibiaExtractor\TibiaExtractor.vbproj", "{C49313F8-63A7-4DBD-994B-131DFDD22B2F}"
EndProject
Project("{F184B08F-C81C-45F6-A57F-5ABD9991F28F}") = "WindowsApp1", "WindowsApp1\WindowsApp1.vbproj", "{8A8688CE-1D44-4C0C-A187-93B4B176E92C}"
EndProject
Global
	GlobalSection(SolutionConfigurationPlatforms) = preSolution
		Debug|Any CPU = Debug|Any CPU
		Release|Any CPU = Release|Any CPU
	EndGlobalSection
	GlobalSection(ProjectConfigurationPlatforms) = postSolution
		{C49313F8-63A7-4DBD-994B-131DFDD22B2F}.Debug|Any CPU.ActiveCfg = Debug|Any CPU
		{C49313F8-63A7-4DBD-994B-131DFDD22B2F}.Debug|Any CPU.Build.0 = Debug|Any CPU
		{C49313F8-63A7-4DBD-994B-131DFDD22B2F}.Release|Any CPU.ActiveCfg = Release|Any CPU
		{C49313F8-63A7-4DBD-994B-131DFDD22B2F}.Release|Any CPU.Build.0 = Release|Any CPU
		{8A8688CE-1D44-4C0C-A187-93B4B176E92C}.Debug|Any CPU.ActiveCfg = Debug|Any CPU
		{8A8688CE-1D44-4C0C-A187-93B4B176E92C}.Debug|Any CPU.Build.0 = Debug|Any CPU
		{8A8688CE-1D44-4C0C-A187-93B4B176E92C}.Release|Any CPU.ActiveCfg = Release|Any CPU
		{8A8688CE-1D44-4C0C-A187-93B4B176E92C}.Release|Any CPU.Build.0 = Release|Any CPU
	EndGlobalSection
	GlobalSection(SolutionProperties) = preSolution
		HideSolutionNode = FALSE
	EndGlobalSection
	GlobalSection(ExtensibilityGlobals) = postSolution
		SolutionGuid = {479493A0-25A7-4617-A1F0-51E500167901}
	EndGlobalSection
EndGlobal
